
Microsoft Visual Studio Solution File, Format Version 12.00
# Visual Studio Version 17
VisualStudioVersion = 17.9.34728.123
MinimumVisualStudioVersion = 10.0.40219.1
Project("{FAE04EC0-301F-11D3-BF4B-00C04F79EFBC}") = "MyWebForms", "MyWebForms\MyWebForms.csproj", "{1D7C4D67-B608-4162-8061-914A5CBBD8C3}"
EndProject
Project("{9A19103F-16F7-4668-BE54-9A1E7A4F7556}") = "MyWebForms.Application", "MyWebForm.Application\MyWebForms.Application.csproj", "{2068CACC-A60F-4F74-8827-344B86BFDF01}"
EndProject
Project("{FAE04EC0-301F-11D3-BF4B-00C04F79EFBC}") = "MyWebForms.Web.Application", "MyWebForm.Mvc.Application\MyWebForms.Web.Application.csproj", "{1DBBFAD3-E168-44C2-9418-0DEC7AE533F8}"
EndProject
Project("{FAE04EC0-301F-11D3-BF4B-00C04F79EFBC}") = "MyWebForms.Infrastructure", "MyWebForms.Infrastructure\MyWebForms.Infrastructure.csproj", "{0EC45F1D-E330-432A-8EF0-C5D29C2986A3}"
EndProject
Project("{FAE04EC0-301F-11D3-BF4B-00C04F79EFBC}") = "MyWebForms.Web.Infrastructure", "MyWebForms.Web.Infrastructure\MyWebForms.Web.Infrastructure.csproj", "{5AD7259F-427C-4B6C-BA5C-CE65D500E280}"
EndProject
Global
	GlobalSection(SolutionConfigurationPlatforms) = preSolution
		Debug|Any CPU = Debug|Any CPU
		Release|Any CPU = Release|Any CPU
	EndGlobalSection
	GlobalSection(ProjectConfigurationPlatforms) = postSolution
		{1D7C4D67-B608-4162-8061-914A5CBBD8C3}.Debug|Any CPU.ActiveCfg = Debug|Any CPU
		{1D7C4D67-B608-4162-8061-914A5CBBD8C3}.Debug|Any CPU.Build.0 = Debug|Any CPU
		{1D7C4D67-B608-4162-8061-914A5CBBD8C3}.Release|Any CPU.ActiveCfg = Release|Any CPU
		{1D7C4D67-B608-4162-8061-914A5CBBD8C3}.Release|Any CPU.Build.0 = Release|Any CPU
		{2068CACC-A60F-4F74-8827-344B86BFDF01}.Debug|Any CPU.ActiveCfg = Debug|Any CPU
		{2068CACC-A60F-4F74-8827-344B86BFDF01}.Debug|Any CPU.Build.0 = Debug|Any CPU
		{2068CACC-A60F-4F74-8827-344B86BFDF01}.Release|Any CPU.ActiveCfg = Release|Any CPU
		{2068CACC-A60F-4F74-8827-344B86BFDF01}.Release|Any CPU.Build.0 = Release|Any CPU
		{1DBBFAD3-E168-44C2-9418-0DEC7AE533F8}.Debug|Any CPU.ActiveCfg = Debug|Any CPU
		{1DBBFAD3-E168-44C2-9418-0DEC7AE533F8}.Debug|Any CPU.Build.0 = Debug|Any CPU
		{1DBBFAD3-E168-44C2-9418-0DEC7AE533F8}.Release|Any CPU.ActiveCfg = Release|Any CPU
		{1DBBFAD3-E168-44C2-9418-0DEC7AE533F8}.Release|Any CPU.Build.0 = Release|Any CPU
		{0EC45F1D-E330-432A-8EF0-C5D29C2986A3}.Debug|Any CPU.ActiveCfg = Debug|Any CPU
		{0EC45F1D-E330-432A-8EF0-C5D29C2986A3}.Debug|Any CPU.Build.0 = Debug|Any CPU
		{0EC45F1D-E330-432A-8EF0-C5D29C2986A3}.Release|Any CPU.ActiveCfg = Release|Any CPU
		{0EC45F1D-E330-432A-8EF0-C5D29C2986A3}.Release|Any CPU.Build.0 = Release|Any CPU
		{5AD7259F-427C-4B6C-BA5C-CE65D500E280}.Debug|Any CPU.ActiveCfg = Debug|Any CPU
		{5AD7259F-427C-4B6C-BA5C-CE65D500E280}.Debug|Any CPU.Build.0 = Debug|Any CPU
		{5AD7259F-427C-4B6C-BA5C-CE65D500E280}.Release|Any CPU.ActiveCfg = Release|Any CPU
		{5AD7259F-427C-4B6C-BA5C-CE65D500E280}.Release|Any CPU.Build.0 = Release|Any CPU
	EndGlobalSection
	GlobalSection(SolutionProperties) = preSolution
		HideSolutionNode = FALSE
	EndGlobalSection
	GlobalSection(ExtensibilityGlobals) = postSolution
		SolutionGuid = {742CC1B0-0188-460A-B71D-5A52409673FE}
	EndGlobalSection
EndGlobal
